
Microsoft Visual Studio Solution File, Format Version 12.00
# Visual Studio Version 16
VisualStudioVersion = 16.0.30225.117
MinimumVisualStudioVersion = 10.0.40219.1
Project("{FAE04EC0-301F-11D3-BF4B-00C04F79EFBC}") = "MySqlTestApplication", "MySqlTestApplication\MySqlTestApplication.csproj", "{B2F85715-3103-4D80-8270-E746BFEE4AC9}"
EndProject
Project("{FAE04EC0-301F-11D3-BF4B-00C04F79EFBC}") = "MySQLAirLiveAnalzer", "MySQLAirLiveAnalzer\MySQLAirLiveAnalzer.csproj", "{F29C2856-5F84-40B2-B1B5-451C3D10A790}"
EndProject
Global
	GlobalSection(SolutionConfigurationPlatforms) = preSolution
		Debug|Any CPU = Debug|Any CPU
		Release|Any CPU = Release|Any CPU
	EndGlobalSection
	GlobalSection(ProjectConfigurationPlatforms) = postSolution
		{B2F85715-3103-4D80-8270-E746BFEE4AC9}.Debug|Any CPU.ActiveCfg = Debug|Any CPU
		{B2F85715-3103-4D80-8270-E746BFEE4AC9}.Debug|Any CPU.Build.0 = Debug|Any CPU
		{B2F85715-3103-4D80-8270-E746BFEE4AC9}.Release|Any CPU.ActiveCfg = Release|Any CPU
		{B2F85715-3103-4D80-8270-E746BFEE4AC9}.Release|Any CPU.Build.0 = Release|Any CPU
		{F29C2856-5F84-40B2-B1B5-451C3D10A790}.Debug|Any CPU.ActiveCfg = Debug|Any CPU
		{F29C2856-5F84-40B2-B1B5-451C3D10A790}.Debug|Any CPU.Build.0 = Debug|Any CPU
		{F29C2856-5F84-40B2-B1B5-451C3D10A790}.Release|Any CPU.ActiveCfg = Release|Any CPU
		{F29C2856-5F84-40B2-B1B5-451C3D10A790}.Release|Any CPU.Build.0 = Release|Any CPU
	EndGlobalSection
	GlobalSection(SolutionProperties) = preSolution
		HideSolutionNode = FALSE
	EndGlobalSection
	GlobalSection(ExtensibilityGlobals) = postSolution
		SolutionGuid = {AE45D73D-E9DA-4DDC-AB32-A3F33EA257D3}
	EndGlobalSection
EndGlobal
